
Microsoft Visual Studio Solution File, Format Version 12.00
# Visual Studio Version 16
VisualStudioVersion = 16.0.30709.132
MinimumVisualStudioVersion = 10.0.40219.1
Project("{8BC9CEB8-8B4A-11D0-8D11-00A0C91BC942}") = "v1.5", "v1.5\v1.5.vcxproj", "{FB2C140E-F901-41CA-A4C0-9955A5967FEE}"
EndProject
Project("{54435603-DBB4-11D2-8724-00A0C9A8B90C}") = "MY_SetUp", "..\..\..\source\repos\MY_SetUp\MY_SetUp.vdproj", "{1E5AD79F-4B4F-454B-8FFA-964609EF113C}"
EndProject
Global
	GlobalSection(SolutionConfigurationPlatforms) = preSolution
		Debug|x64 = Debug|x64
		Debug|x86 = Debug|x86
		Release|x64 = Release|x64
		Release|x86 = Release|x86
	EndGlobalSection
	GlobalSection(ProjectConfigurationPlatforms) = postSolution
		{FB2C140E-F901-41CA-A4C0-9955A5967FEE}.Debug|x64.ActiveCfg = Debug|x64
		{FB2C140E-F901-41CA-A4C0-9955A5967FEE}.Debug|x64.Build.0 = Debug|x64
		{FB2C140E-F901-41CA-A4C0-9955A5967FEE}.Debug|x86.ActiveCfg = Debug|Win32
		{FB2C140E-F901-41CA-A4C0-9955A5967FEE}.Debug|x86.Build.0 = Debug|Win32
		{FB2C140E-F901-41CA-A4C0-9955A5967FEE}.Release|x64.ActiveCfg = Release|x64
		{FB2C140E-F901-41CA-A4C0-9955A5967FEE}.Release|x64.Build.0 = Release|x64
		{FB2C140E-F901-41CA-A4C0-9955A5967FEE}.Release|x86.ActiveCfg = Release|Win32
		{FB2C140E-F901-41CA-A4C0-9955A5967FEE}.Release|x86.Build.0 = Release|Win32
		{1E5AD79F-4B4F-454B-8FFA-964609EF113C}.Debug|x64.ActiveCfg = Debug
		{1E5AD79F-4B4F-454B-8FFA-964609EF113C}.Debug|x86.ActiveCfg = Debug
		{1E5AD79F-4B4F-454B-8FFA-964609EF113C}.Release|x64.ActiveCfg = Release
		{1E5AD79F-4B4F-454B-8FFA-964609EF113C}.Release|x86.ActiveCfg = Release
	EndGlobalSection
	GlobalSection(SolutionProperties) = preSolution
		HideSolutionNode = FALSE
	EndGlobalSection
	GlobalSection(ExtensibilityGlobals) = postSolution
		SolutionGuid = {BCD854B3-C438-4278-B7BF-E69B1C2CCD76}
	EndGlobalSection
EndGlobal
